// !$*UTF8*$!
{
	archiveVersion = 1;
	classes = {
	};
	objectVersion = 56;
	objects = {

/* Begin PBXBuildFile section */
		020632B0293EAC2600631BD9 /* MapViewState.swift in Sources */ = {isa = PBXBuildFile; fileRef = 020632AF293EAC2600631BD9 /* MapViewState.swift */; };
		022986AE2942396D00463326 /* RideRequestView.swift in Sources */ = {isa = PBXBuildFile; fileRef = 022986AD2942396D00463326 /* RideRequestView.swift */; };
		022986B029423C8300463326 /* CircleSquare.swift in Sources */ = {isa = PBXBuildFile; fileRef = 022986AF29423C8300463326 /* CircleSquare.swift */; };
		025442ED29382C0B0069E4C3 /* UberApp.swift in Sources */ = {isa = PBXBuildFile; fileRef = 025442EC29382C0B0069E4C3 /* UberApp.swift */; };
		025442EF29382C0B0069E4C3 /* HomeView.swift in Sources */ = {isa = PBXBuildFile; fileRef = 025442EE29382C0B0069E4C3 /* HomeView.swift */; };
		025442F129382C0C0069E4C3 /* Assets.xcassets in Resources */ = {isa = PBXBuildFile; fileRef = 025442F029382C0C0069E4C3 /* Assets.xcassets */; };
		025442F429382C0C0069E4C3 /* Preview Assets.xcassets in Resources */ = {isa = PBXBuildFile; fileRef = 025442F329382C0C0069E4C3 /* Preview Assets.xcassets */; };
		0259B2D229397EDC00855CD8 /* LocationSearchViewModel.swift in Sources */ = {isa = PBXBuildFile; fileRef = 0259B2D129397EDC00855CD8 /* LocationSearchViewModel.swift */; };
		026E806F2938320800B173D4 /* UberMapViewRepresentable.swift in Sources */ = {isa = PBXBuildFile; fileRef = 026E806E2938320800B173D4 /* UberMapViewRepresentable.swift */; };
		026E80712938347100B173D4 /* LocationManager.swift in Sources */ = {isa = PBXBuildFile; fileRef = 026E80702938347100B173D4 /* LocationManager.swift */; };
		026E807729383C4E00B173D4 /* LocationSearchActivationView.swift in Sources */ = {isa = PBXBuildFile; fileRef = 026E807629383C4E00B173D4 /* LocationSearchActivationView.swift */; };
		026E807929383E4900B173D4 /* MapViewActionButton.swift in Sources */ = {isa = PBXBuildFile; fileRef = 026E807829383E4900B173D4 /* MapViewActionButton.swift */; };
		026E807B29383F4000B173D4 /* LocationSearchView.swift in Sources */ = {isa = PBXBuildFile; fileRef = 026E807A29383F4000B173D4 /* LocationSearchView.swift */; };
		026E807D2938426F00B173D4 /* LocationSearchResultCell.swift in Sources */ = {isa = PBXBuildFile; fileRef = 026E807C2938426F00B173D4 /* LocationSearchResultCell.swift */; };
		028ACBD82944D9B20016681B /* RideType.swift in Sources */ = {isa = PBXBuildFile; fileRef = 028ACBD72944D9B20016681B /* RideType.swift */; };
		028ACBDB2944F3FD0016681B /* Double+Extension.swift in Sources */ = {isa = PBXBuildFile; fileRef = 028ACBDA2944F3FD0016681B /* Double+Extension.swift */; };
/* End PBXBuildFile section */

/* Begin PBXFileReference section */
		020632AF293EAC2600631BD9 /* MapViewState.swift */ = {isa = PBXFileReference; lastKnownFileType = sourcecode.swift; path = MapViewState.swift; sourceTree = "<group>"; };
		022986AD2942396D00463326 /* RideRequestView.swift */ = {isa = PBXFileReference; lastKnownFileType = sourcecode.swift; path = RideRequestView.swift; sourceTree = "<group>"; };
		022986AF29423C8300463326 /* CircleSquare.swift */ = {isa = PBXFileReference; lastKnownFileType = sourcecode.swift; path = CircleSquare.swift; sourceTree = "<group>"; };
		025442E929382C0B0069E4C3 /* Uber.app */ = {isa = PBXFileReference; explicitFileType = wrapper.application; includeInIndex = 0; path = Uber.app; sourceTree = BUILT_PRODUCTS_DIR; };
		025442EC29382C0B0069E4C3 /* UberApp.swift */ = {isa = PBXFileReference; lastKnownFileType = sourcecode.swift; path = UberApp.swift; sourceTree = "<group>"; };
		025442EE29382C0B0069E4C3 /* HomeView.swift */ = {isa = PBXFileReference; lastKnownFileType = sourcecode.swift; path = HomeView.swift; sourceTree = "<group>"; };
		025442F029382C0C0069E4C3 /* Assets.xcassets */ = {isa = PBXFileReference; lastKnownFileType = folder.assetcatalog; path = Assets.xcassets; sourceTree = "<group>"; };
		025442F329382C0C0069E4C3 /* Preview Assets.xcassets */ = {isa = PBXFileReference; lastKnownFileType = folder.assetcatalog; path = "Preview Assets.xcassets"; sourceTree = "<group>"; };
		025442FA29382C510069E4C3 /* README.md */ = {isa = PBXFileReference; lastKnownFileType = net.daringfireball.markdown; path = README.md; sourceTree = "<group>"; };
		0259B2D129397EDC00855CD8 /* LocationSearchViewModel.swift */ = {isa = PBXFileReference; lastKnownFileType = sourcecode.swift; path = LocationSearchViewModel.swift; sourceTree = "<group>"; };
		026E806E2938320800B173D4 /* UberMapViewRepresentable.swift */ = {isa = PBXFileReference; lastKnownFileType = sourcecode.swift; path = UberMapViewRepresentable.swift; sourceTree = "<group>"; };
		026E80702938347100B173D4 /* LocationManager.swift */ = {isa = PBXFileReference; lastKnownFileType = sourcecode.swift; path = LocationManager.swift; sourceTree = "<group>"; };
		026E807629383C4E00B173D4 /* LocationSearchActivationView.swift */ = {isa = PBXFileReference; lastKnownFileType = sourcecode.swift; path = LocationSearchActivationView.swift; sourceTree = "<group>"; };
		026E807829383E4900B173D4 /* MapViewActionButton.swift */ = {isa = PBXFileReference; lastKnownFileType = sourcecode.swift; path = MapViewActionButton.swift; sourceTree = "<group>"; };
		026E807A29383F4000B173D4 /* LocationSearchView.swift */ = {isa = PBXFileReference; lastKnownFileType = sourcecode.swift; path = LocationSearchView.swift; sourceTree = "<group>"; };
		026E807C2938426F00B173D4 /* LocationSearchResultCell.swift */ = {isa = PBXFileReference; lastKnownFileType = sourcecode.swift; path = LocationSearchResultCell.swift; sourceTree = "<group>"; };
		028ACBD72944D9B20016681B /* RideType.swift */ = {isa = PBXFileReference; lastKnownFileType = sourcecode.swift; path = RideType.swift; sourceTree = "<group>"; };
		028ACBD92944EE050016681B /* Info.plist */ = {isa = PBXFileReference; lastKnownFileType = text.plist; path = Info.plist; sourceTree = "<group>"; };
		028ACBDA2944F3FD0016681B /* Double+Extension.swift */ = {isa = PBXFileReference; lastKnownFileType = sourcecode.swift; path = "Double+Extension.swift"; sourceTree = "<group>"; };
/* End PBXFileReference section */

/* Begin PBXFrameworksBuildPhase section */
		025442E629382C0B0069E4C3 /* Frameworks */ = {
			isa = PBXFrameworksBuildPhase;
			buildActionMask = 2147483647;
			files = (
			);
			runOnlyForDeploymentPostprocessing = 0;
		};
/* End PBXFrameworksBuildPhase section */

/* Begin PBXGroup section */
		022986AC2942394400463326 /* Trips */ = {
			isa = PBXGroup;
			children = (
				022986AD2942396D00463326 /* RideRequestView.swift */,
				022986AF29423C8300463326 /* CircleSquare.swift */,
			);
			path = Trips;
			sourceTree = "<group>";
		};
		025442E029382C0B0069E4C3 = {
			isa = PBXGroup;
			children = (
				025442FA29382C510069E4C3 /* README.md */,
				025442EB29382C0B0069E4C3 /* Uber */,
				025442EA29382C0B0069E4C3 /* Products */,
			);
			sourceTree = "<group>";
		};
		025442EA29382C0B0069E4C3 /* Products */ = {
			isa = PBXGroup;
			children = (
				025442E929382C0B0069E4C3 /* Uber.app */,
			);
			name = Products;
			sourceTree = "<group>";
		};
		025442EB29382C0B0069E4C3 /* Uber */ = {
			isa = PBXGroup;
			children = (
				028ACBD92944EE050016681B /* Info.plist */,
				025442FF29382D2E0069E4C3 /* App */,
				025442FE29382D2C0069E4C3 /* Core */,
				025442FD29382D2A0069E4C3 /* Extensions */,
				025442FC29382D270069E4C3 /* Managers */,
				025442FB29382D1B0069E4C3 /* Models */,
				025442F029382C0C0069E4C3 /* Assets.xcassets */,
				025442F229382C0C0069E4C3 /* Preview Content */,
			);
			path = Uber;
			sourceTree = "<group>";
		};
		025442F229382C0C0069E4C3 /* Preview Content */ = {
			isa = PBXGroup;
			children = (
				025442F329382C0C0069E4C3 /* Preview Assets.xcassets */,
			);
			path = "Preview Content";
			sourceTree = "<group>";
		};
		025442FB29382D1B0069E4C3 /* Models */ = {
			isa = PBXGroup;
			children = (
				020632AF293EAC2600631BD9 /* MapViewState.swift */,
				028ACBD72944D9B20016681B /* RideType.swift */,
			);
			path = Models;
			sourceTree = "<group>";
		};
		025442FC29382D270069E4C3 /* Managers */ = {
			isa = PBXGroup;
			children = (
				026E80702938347100B173D4 /* LocationManager.swift */,
			);
			path = Managers;
			sourceTree = "<group>";
		};
		025442FD29382D2A0069E4C3 /* Extensions */ = {
			isa = PBXGroup;
			children = (
				028ACBDA2944F3FD0016681B /* Double+Extension.swift */,
			);
			path = Extensions;
			sourceTree = "<group>";
		};
		025442FE29382D2C0069E4C3 /* Core */ = {
			isa = PBXGroup;
			children = (
				022986AC2942394400463326 /* Trips */,
				026E807329383BF000B173D4 /* LocationSearch */,
				026E807229383BE500B173D4 /* Home */,
			);
			path = Core;
			sourceTree = "<group>";
		};
		025442FF29382D2E0069E4C3 /* App */ = {
			isa = PBXGroup;
			children = (
				025442EC29382C0B0069E4C3 /* UberApp.swift */,
			);
			path = App;
			sourceTree = "<group>";
		};
		02544300293831060069E4C3 /* ViewModels */ = {
			isa = PBXGroup;
			children = (
			);
			path = ViewModels;
			sourceTree = "<group>";
		};
		02544301293831110069E4C3 /* Views */ = {
			isa = PBXGroup;
			children = (
				025442EE29382C0B0069E4C3 /* HomeView.swift */,
				026E807829383E4900B173D4 /* MapViewActionButton.swift */,
				026E806E2938320800B173D4 /* UberMapViewRepresentable.swift */,
			);
			path = Views;
			sourceTree = "<group>";
		};
		026E807229383BE500B173D4 /* Home */ = {
			isa = PBXGroup;
			children = (
				02544301293831110069E4C3 /* Views */,
				02544300293831060069E4C3 /* ViewModels */,
			);
			path = Home;
			sourceTree = "<group>";
		};
		026E807329383BF000B173D4 /* LocationSearch */ = {
			isa = PBXGroup;
			children = (
				026E807429383BFC00B173D4 /* Views */,
				026E807529383C1600B173D4 /* ViewModels */,
			);
			path = LocationSearch;
			sourceTree = "<group>";
		};
		026E807429383BFC00B173D4 /* Views */ = {
			isa = PBXGroup;
			children = (
				026E807629383C4E00B173D4 /* LocationSearchActivationView.swift */,
				026E807C2938426F00B173D4 /* LocationSearchResultCell.swift */,
				026E807A29383F4000B173D4 /* LocationSearchView.swift */,
			);
			path = Views;
			sourceTree = "<group>";
		};
		026E807529383C1600B173D4 /* ViewModels */ = {
			isa = PBXGroup;
			children = (
				0259B2D129397EDC00855CD8 /* LocationSearchViewModel.swift */,
			);
			path = ViewModels;
			sourceTree = "<group>";
		};
/* End PBXGroup section */

/* Begin PBXNativeTarget section */
		025442E829382C0B0069E4C3 /* Uber */ = {
			isa = PBXNativeTarget;
			buildConfigurationList = 025442F729382C0C0069E4C3 /* Build configuration list for PBXNativeTarget "Uber" */;
			buildPhases = (
				025442E529382C0B0069E4C3 /* Sources */,
				025442E629382C0B0069E4C3 /* Frameworks */,
				025442E729382C0B0069E4C3 /* Resources */,
			);
			buildRules = (
			);
			dependencies = (
			);
			name = Uber;
			productName = Uber;
			productReference = 025442E929382C0B0069E4C3 /* Uber.app */;
			productType = "com.apple.product-type.application";
		};
/* End PBXNativeTarget section */

/* Begin PBXProject section */
		025442E129382C0B0069E4C3 /* Project object */ = {
			isa = PBXProject;
			attributes = {
				BuildIndependentTargetsInParallel = 1;
				LastSwiftUpdateCheck = 1410;
				LastUpgradeCheck = 1410;
				TargetAttributes = {
					025442E829382C0B0069E4C3 = {
						CreatedOnToolsVersion = 14.1;
					};
				};
			};
			buildConfigurationList = 025442E429382C0B0069E4C3 /* Build configuration list for PBXProject "Uber" */;
			compatibilityVersion = "Xcode 14.0";
			developmentRegion = en;
			hasScannedForEncodings = 0;
			knownRegions = (
				en,
				Base,
			);
			mainGroup = 025442E029382C0B0069E4C3;
			productRefGroup = 025442EA29382C0B0069E4C3 /* Products */;
			projectDirPath = "";
			projectRoot = "";
			targets = (
				025442E829382C0B0069E4C3 /* Uber */,
			);
		};
/* End PBXProject section */

/* Begin PBXResourcesBuildPhase section */
		025442E729382C0B0069E4C3 /* Resources */ = {
			isa = PBXResourcesBuildPhase;
			buildActionMask = 2147483647;
			files = (
				025442F429382C0C0069E4C3 /* Preview Assets.xcassets in Resources */,
				025442F129382C0C0069E4C3 /* Assets.xcassets in Resources */,
			);
			runOnlyForDeploymentPostprocessing = 0;
		};
/* End PBXResourcesBuildPhase section */

/* Begin PBXSourcesBuildPhase section */
		025442E529382C0B0069E4C3 /* Sources */ = {
			isa = PBXSourcesBuildPhase;
			buildActionMask = 2147483647;
			files = (
				0259B2D229397EDC00855CD8 /* LocationSearchViewModel.swift in Sources */,
				028ACBD82944D9B20016681B /* RideType.swift in Sources */,
				028ACBDB2944F3FD0016681B /* Double+Extension.swift in Sources */,
				026E807B29383F4000B173D4 /* LocationSearchView.swift in Sources */,
				026E80712938347100B173D4 /* LocationManager.swift in Sources */,
				022986AE2942396D00463326 /* RideRequestView.swift in Sources */,
				020632B0293EAC2600631BD9 /* MapViewState.swift in Sources */,
				026E807929383E4900B173D4 /* MapViewActionButton.swift in Sources */,
				025442EF29382C0B0069E4C3 /* HomeView.swift in Sources */,
				026E806F2938320800B173D4 /* UberMapViewRepresentable.swift in Sources */,
				022986B029423C8300463326 /* CircleSquare.swift in Sources */,
				025442ED29382C0B0069E4C3 /* UberApp.swift in Sources */,
				026E807729383C4E00B173D4 /* LocationSearchActivationView.swift in Sources */,
				026E807D2938426F00B173D4 /* LocationSearchResultCell.swift in Sources */,
			);
			runOnlyForDeploymentPostprocessing = 0;
		};
/* End PBXSourcesBuildPhase section */

/* Begin XCBuildConfiguration section */
		025442F529382C0C0069E4C3 /* Debug */ = {
			isa = XCBuildConfiguration;
			buildSettings = {
				ALWAYS_SEARCH_USER_PATHS = NO;
				CLANG_ANALYZER_NONNULL = YES;
				CLANG_ANALYZER_NUMBER_OBJECT_CONVERSION = YES_AGGRESSIVE;
				CLANG_CXX_LANGUAGE_STANDARD = "gnu++20";
				CLANG_ENABLE_MODULES = YES;
				CLANG_ENABLE_OBJC_ARC = YES;
				CLANG_ENABLE_OBJC_WEAK = YES;
				CLANG_WARN_BLOCK_CAPTURE_AUTORELEASING = YES;
				CLANG_WARN_BOOL_CONVERSION = YES;
				CLANG_WARN_COMMA = YES;
				CLANG_WARN_CONSTANT_CONVERSION = YES;
				CLANG_WARN_DEPRECATED_OBJC_IMPLEMENTATIONS = YES;
				CLANG_WARN_DIRECT_OBJC_ISA_USAGE = YES_ERROR;
				CLANG_WARN_DOCUMENTATION_COMMENTS = YES;
				CLANG_WARN_EMPTY_BODY = YES;
				CLANG_WARN_ENUM_CONVERSION = YES;
				CLANG_WARN_INFINITE_RECURSION = YES;
				CLANG_WARN_INT_CONVERSION = YES;
				CLANG_WARN_NON_LITERAL_NULL_CONVERSION = YES;
				CLANG_WARN_OBJC_IMPLICIT_RETAIN_SELF = YES;
				CLANG_WARN_OBJC_LITERAL_CONVERSION = YES;
				CLANG_WARN_OBJC_ROOT_CLASS = YES_ERROR;
				CLANG_WARN_QUOTED_INCLUDE_IN_FRAMEWORK_HEADER = YES;
				CLANG_WARN_RANGE_LOOP_ANALYSIS = YES;
				CLANG_WARN_STRICT_PROTOTYPES = YES;
				CLANG_WARN_SUSPICIOUS_MOVE = YES;
				CLANG_WARN_UNGUARDED_AVAILABILITY = YES_AGGRESSIVE;
				CLANG_WARN_UNREACHABLE_CODE = YES;
				CLANG_WARN__DUPLICATE_METHOD_MATCH = YES;
				COPY_PHASE_STRIP = NO;
				DEBUG_INFORMATION_FORMAT = dwarf;
				ENABLE_STRICT_OBJC_MSGSEND = YES;
				ENABLE_TESTABILITY = YES;
				GCC_C_LANGUAGE_STANDARD = gnu11;
				GCC_DYNAMIC_NO_PIC = NO;
				GCC_NO_COMMON_BLOCKS = YES;
				GCC_OPTIMIZATION_LEVEL = 0;
				GCC_PREPROCESSOR_DEFINITIONS = (
					"DEBUG=1",
					"$(inherited)",
				);
				GCC_WARN_64_TO_32_BIT_CONVERSION = YES;
				GCC_WARN_ABOUT_RETURN_TYPE = YES_ERROR;
				GCC_WARN_UNDECLARED_SELECTOR = YES;
				GCC_WARN_UNINITIALIZED_AUTOS = YES_AGGRESSIVE;
				GCC_WARN_UNUSED_FUNCTION = YES;
				GCC_WARN_UNUSED_VARIABLE = YES;
				IPHONEOS_DEPLOYMENT_TARGET = 16.1;
				MTL_ENABLE_DEBUG_INFO = INCLUDE_SOURCE;
				MTL_FAST_MATH = YES;
				ONLY_ACTIVE_ARCH = YES;
				SDKROOT = iphoneos;
				SWIFT_ACTIVE_COMPILATION_CONDITIONS = DEBUG;
				SWIFT_OPTIMIZATION_LEVEL = "-Onone";
			};
			name = Debug;
		};
		025442F629382C0C0069E4C3 /* Release */ = {
			isa = XCBuildConfiguration;
			buildSettings = {
				ALWAYS_SEARCH_USER_PATHS = NO;
				CLANG_ANALYZER_NONNULL = YES;
				CLANG_ANALYZER_NUMBER_OBJECT_CONVERSION = YES_AGGRESSIVE;
				CLANG_CXX_LANGUAGE_STANDARD = "gnu++20";
				CLANG_ENABLE_MODULES = YES;
				CLANG_ENABLE_OBJC_ARC = YES;
				CLANG_ENABLE_OBJC_WEAK = YES;
				CLANG_WARN_BLOCK_CAPTURE_AUTORELEASING = YES;
				CLANG_WARN_BOOL_CONVERSION = YES;
				CLANG_WARN_COMMA = YES;
				CLANG_WARN_CONSTANT_CONVERSION = YES;
				CLANG_WARN_DEPRECATED_OBJC_IMPLEMENTATIONS = YES;
				CLANG_WARN_DIRECT_OBJC_ISA_USAGE = YES_ERROR;
				CLANG_WARN_DOCUMENTATION_COMMENTS = YES;
				CLANG_WARN_EMPTY_BODY = YES;
				CLANG_WARN_ENUM_CONVERSION = YES;
				CLANG_WARN_INFINITE_RECURSION = YES;
				CLANG_WARN_INT_CONVERSION = YES;
				CLANG_WARN_NON_LITERAL_NULL_CONVERSION = YES;
				CLANG_WARN_OBJC_IMPLICIT_RETAIN_SELF = YES;
				CLANG_WARN_OBJC_LITERAL_CONVERSION = YES;
				CLANG_WARN_OBJC_ROOT_CLASS = YES_ERROR;
				CLANG_WARN_QUOTED_INCLUDE_IN_FRAMEWORK_HEADER = YES;
				CLANG_WARN_RANGE_LOOP_ANALYSIS = YES;
				CLANG_WARN_STRICT_PROTOTYPES = YES;
				CLANG_WARN_SUSPICIOUS_MOVE = YES;
				CLANG_WARN_UNGUARDED_AVAILABILITY = YES_AGGRESSIVE;
				CLANG_WARN_UNREACHABLE_CODE = YES;
				CLANG_WARN__DUPLICATE_METHOD_MATCH = YES;
				COPY_PHASE_STRIP = NO;
				DEBUG_INFORMATION_FORMAT = "dwarf-with-dsym";
				ENABLE_NS_ASSERTIONS = NO;
				ENABLE_STRICT_OBJC_MSGSEND = YES;
				GCC_C_LANGUAGE_STANDARD = gnu11;
				GCC_NO_COMMON_BLOCKS = YES;
				GCC_WARN_64_TO_32_BIT_CONVERSION = YES;
				GCC_WARN_ABOUT_RETURN_TYPE = YES_ERROR;
				GCC_WARN_UNDECLARED_SELECTOR = YES;
				GCC_WARN_UNINITIALIZED_AUTOS = YES_AGGRESSIVE;
				GCC_WARN_UNUSED_FUNCTION = YES;
				GCC_WARN_UNUSED_VARIABLE = YES;
				IPHONEOS_DEPLOYMENT_TARGET = 16.1;
				MTL_ENABLE_DEBUG_INFO = NO;
				MTL_FAST_MATH = YES;
				SDKROOT = iphoneos;
				SWIFT_COMPILATION_MODE = wholemodule;
				SWIFT_OPTIMIZATION_LEVEL = "-O";
				VALIDATE_PRODUCT = YES;
			};
			name = Release;
		};
		025442F829382C0C0069E4C3 /* Debug */ = {
			isa = XCBuildConfiguration;
			buildSettings = {
				ASSETCATALOG_COMPILER_APPICON_NAME = AppIcon;
				ASSETCATALOG_COMPILER_GLOBAL_ACCENT_COLOR_NAME = AccentColor;
				CODE_SIGN_STYLE = Automatic;
				CURRENT_PROJECT_VERSION = 1;
				DEVELOPMENT_ASSET_PATHS = "\"Uber/Preview Content\"";
				DEVELOPMENT_TEAM = 723HTEFHBA;
				ENABLE_PREVIEWS = YES;
				GENERATE_INFOPLIST_FILE = YES;
				INFOPLIST_FILE = Uber/Info.plist;
				INFOPLIST_KEY_NSLocationWhenInUseUsageDescription = TODO;
				INFOPLIST_KEY_UIApplicationSceneManifest_Generation = YES;
				INFOPLIST_KEY_UIApplicationSupportsIndirectInputEvents = YES;
				INFOPLIST_KEY_UILaunchScreen_Generation = YES;
				INFOPLIST_KEY_UISupportedInterfaceOrientations_iPad = "UIInterfaceOrientationPortrait UIInterfaceOrientationPortraitUpsideDown UIInterfaceOrientationLandscapeLeft UIInterfaceOrientationLandscapeRight";
				INFOPLIST_KEY_UISupportedInterfaceOrientations_iPhone = "UIInterfaceOrientationPortrait UIInterfaceOrientationLandscapeLeft UIInterfaceOrientationLandscapeRight";
				INFOPLIST_KEY_UIUserInterfaceStyle = Light;
				LD_RUNPATH_SEARCH_PATHS = (
					"$(inherited)",
					"@executable_path/Frameworks",
				);
				MARKETING_VERSION = 1.0;
				PRODUCT_BUNDLE_IDENTIFIER = ru.fibeApp.Uber;
				PRODUCT_NAME = "$(TARGET_NAME)";
				SWIFT_EMIT_LOC_STRINGS = YES;
				SWIFT_VERSION = 5.0;
				TARGETED_DEVICE_FAMILY = "1,2";
			};
			name = Debug;
		};
		025442F929382C0C0069E4C3 /* Release */ = {
			isa = XCBuildConfiguration;
			buildSettings = {
				ASSETCATALOG_COMPILER_APPICON_NAME = AppIcon;
				ASSETCATALOG_COMPILER_GLOBAL_ACCENT_COLOR_NAME = AccentColor;
				CODE_SIGN_STYLE = Automatic;
				CURRENT_PROJECT_VERSION = 1;
				DEVELOPMENT_ASSET_PATHS = "\"Uber/Preview Content\"";
				DEVELOPMENT_TEAM = 723HTEFHBA;
				ENABLE_PREVIEWS = YES;
				GENERATE_INFOPLIST_FILE = YES;
				INFOPLIST_FILE = Uber/Info.plist;
				INFOPLIST_KEY_NSLocationWhenInUseUsageDescription = TODO;
				INFOPLIST_KEY_UIApplicationSceneManifest_Generation = YES;
				INFOPLIST_KEY_UIApplicationSupportsIndirectInputEvents = YES;
				INFOPLIST_KEY_UILaunchScreen_Generation = YES;
				INFOPLIST_KEY_UISupportedInterfaceOrientations_iPad = "UIInterfaceOrientationPortrait UIInterfaceOrientationPortraitUpsideDown UIInterfaceOrientationLandscapeLeft UIInterfaceOrientationLandscapeRight";
				INFOPLIST_KEY_UISupportedInterfaceOrientations_iPhone = "UIInterfaceOrientationPortrait UIInterfaceOrientationLandscapeLeft UIInterfaceOrientationLandscapeRight";
				INFOPLIST_KEY_UIUserInterfaceStyle = Light;
				LD_RUNPATH_SEARCH_PATHS = (
					"$(inherited)",
					"@executable_path/Frameworks",
				);
				MARKETING_VERSION = 1.0;
				PRODUCT_BUNDLE_IDENTIFIER = ru.fibeApp.Uber;
				PRODUCT_NAME = "$(TARGET_NAME)";
				SWIFT_EMIT_LOC_STRINGS = YES;
				SWIFT_VERSION = 5.0;
				TARGETED_DEVICE_FAMILY = "1,2";
			};
			name = Release;
		};
/* End XCBuildConfiguration section */

/* Begin XCConfigurationList section */
		025442E429382C0B0069E4C3 /* Build configuration list for PBXProject "Uber" */ = {
			isa = XCConfigurationList;
			buildConfigurations = (
				025442F529382C0C0069E4C3 /* Debug */,
				025442F629382C0C0069E4C3 /* Release */,
			);
			defaultConfigurationIsVisible = 0;
			defaultConfigurationName = Release;
		};
		025442F729382C0C0069E4C3 /* Build configuration list for PBXNativeTarget "Uber" */ = {
			isa = XCConfigurationList;
			buildConfigurations = (
				025442F829382C0C0069E4C3 /* Debug */,
				025442F929382C0C0069E4C3 /* Release */,
			);
			defaultConfigurationIsVisible = 0;
			defaultConfigurationName = Release;
		};
/* End XCConfigurationList section */
	};
	rootObject = 025442E129382C0B0069E4C3 /* Project object */;
}
